
Microsoft Visual Studio Solution File, Format Version 12.00
# Visual Studio Version 16
VisualStudioVersion = 16.0.31410.357
MinimumVisualStudioVersion = 10.0.40219.1
Project("{8BC9CEB8-8B4A-11D0-8D11-00A0C91BC942}") = "UWPClient", "Uwp\Uwp.vcxproj", "{C050F9DB-B0EB-4037-A60F-F065D4DDAF7D}"
EndProject
Project("{FAE04EC0-301F-11D3-BF4B-00C04F79EFBC}") = "Wpf", "Wpf\Wpf.csproj", "{B17EFEFE-41FE-411C-BD74-EBCDB098EBAB}"
EndProject
Project("{8BC9CEB8-8B4A-11D0-8D11-00A0C91BC942}") = "NPClient", "NPClient\NPClient.vcxproj", "{98276AB2-BD88-4FBD-B778-B40F08584F9C}"
EndProject
Project("{8BC9CEB8-8B4A-11D0-8D11-00A0C91BC942}") = "NPServer", "NPServer\NPServer.vcxproj", "{F8FA554B-B63A-4C03-BD9E-E01D7A15E401}"
EndProject
Project("{8BC9CEB8-8B4A-11D0-8D11-00A0C91BC942}") = "UWPServer", "UWPServer\UWPServer.vcxproj", "{9C8F7644-8B32-4E66-BF31-5F1EE625EC44}"
EndProject
Global
	GlobalSection(SolutionConfigurationPlatforms) = preSolution
		Debug|Any CPU = Debug|Any CPU
		Debug|ARM = Debug|ARM
		Debug|ARM64 = Debug|ARM64
		Debug|x64 = Debug|x64
		Debug|x86 = Debug|x86
		Release|Any CPU = Release|Any CPU
		Release|ARM = Release|ARM
		Release|ARM64 = Release|ARM64
		Release|x64 = Release|x64
		Release|x86 = Release|x86
	EndGlobalSection
	GlobalSection(ProjectConfigurationPlatforms) = postSolution
		{C050F9DB-B0EB-4037-A60F-F065D4DDAF7D}.Debug|Any CPU.ActiveCfg = Debug|Win32
		{C050F9DB-B0EB-4037-A60F-F065D4DDAF7D}.Debug|ARM.ActiveCfg = Debug|ARM
		{C050F9DB-B0EB-4037-A60F-F065D4DDAF7D}.Debug|ARM.Build.0 = Debug|ARM
		{C050F9DB-B0EB-4037-A60F-F065D4DDAF7D}.Debug|ARM.Deploy.0 = Debug|ARM
		{C050F9DB-B0EB-4037-A60F-F065D4DDAF7D}.Debug|ARM64.ActiveCfg = Debug|ARM64
		{C050F9DB-B0EB-4037-A60F-F065D4DDAF7D}.Debug|ARM64.Build.0 = Debug|ARM64
		{C050F9DB-B0EB-4037-A60F-F065D4DDAF7D}.Debug|ARM64.Deploy.0 = Debug|ARM64
		{C050F9DB-B0EB-4037-A60F-F065D4DDAF7D}.Debug|x64.ActiveCfg = Debug|x64
		{C050F9DB-B0EB-4037-A60F-F065D4DDAF7D}.Debug|x64.Build.0 = Debug|x64
		{C050F9DB-B0EB-4037-A60F-F065D4DDAF7D}.Debug|x64.Deploy.0 = Debug|x64
		{C050F9DB-B0EB-4037-A60F-F065D4DDAF7D}.Debug|x86.ActiveCfg = Debug|Win32
		{C050F9DB-B0EB-4037-A60F-F065D4DDAF7D}.Debug|x86.Build.0 = Debug|Win32
		{C050F9DB-B0EB-4037-A60F-F065D4DDAF7D}.Debug|x86.Deploy.0 = Debug|Win32
		{C050F9DB-B0EB-4037-A60F-F065D4DDAF7D}.Release|Any CPU.ActiveCfg = Release|Win32
		{C050F9DB-B0EB-4037-A60F-F065D4DDAF7D}.Release|ARM.ActiveCfg = Release|ARM
		{C050F9DB-B0EB-4037-A60F-F065D4DDAF7D}.Release|ARM.Build.0 = Release|ARM
		{C050F9DB-B0EB-4037-A60F-F065D4DDAF7D}.Release|ARM.Deploy.0 = Release|ARM
		{C050F9DB-B0EB-4037-A60F-F065D4DDAF7D}.Release|ARM64.ActiveCfg = Release|ARM64
		{C050F9DB-B0EB-4037-A60F-F065D4DDAF7D}.Release|ARM64.Build.0 = Release|ARM64
		{C050F9DB-B0EB-4037-A60F-F065D4DDAF7D}.Release|ARM64.Deploy.0 = Release|ARM64
		{C050F9DB-B0EB-4037-A60F-F065D4DDAF7D}.Release|x64.ActiveCfg = Release|x64
		{C050F9DB-B0EB-4037-A60F-F065D4DDAF7D}.Release|x64.Build.0 = Release|x64
		{C050F9DB-B0EB-4037-A60F-F065D4DDAF7D}.Release|x64.Deploy.0 = Release|x64
		{C050F9DB-B0EB-4037-A60F-F065D4DDAF7D}.Release|x86.ActiveCfg = Release|Win32
		{C050F9DB-B0EB-4037-A60F-F065D4DDAF7D}.Release|x86.Build.0 = Release|Win32
		{C050F9DB-B0EB-4037-A60F-F065D4DDAF7D}.Release|x86.Deploy.0 = Release|Win32
		{B17EFEFE-41FE-411C-BD74-EBCDB098EBAB}.Debug|Any CPU.ActiveCfg = Debug|Any CPU
		{B17EFEFE-41FE-411C-BD74-EBCDB098EBAB}.Debug|Any CPU.Build.0 = Debug|Any CPU
		{B17EFEFE-41FE-411C-BD74-EBCDB098EBAB}.Debug|ARM.ActiveCfg = Debug|Any CPU
		{B17EFEFE-41FE-411C-BD74-EBCDB098EBAB}.Debug|ARM.Build.0 = Debug|Any CPU
		{B17EFEFE-41FE-411C-BD74-EBCDB098EBAB}.Debug|ARM64.ActiveCfg = Debug|Any CPU
		{B17EFEFE-41FE-411C-BD74-EBCDB098EBAB}.Debug|ARM64.Build.0 = Debug|Any CPU
		{B17EFEFE-41FE-411C-BD74-EBCDB098EBAB}.Debug|x64.ActiveCfg = Debug|Any CPU
		{B17EFEFE-41FE-411C-BD74-EBCDB098EBAB}.Debug|x64.Build.0 = Debug|Any CPU
		{B17EFEFE-41FE-411C-BD74-EBCDB098EBAB}.Debug|x86.ActiveCfg = Debug|Any CPU
		{B17EFEFE-41FE-411C-BD74-EBCDB098EBAB}.Debug|x86.Build.0 = Debug|Any CPU
		{B17EFEFE-41FE-411C-BD74-EBCDB098EBAB}.Release|Any CPU.ActiveCfg = Release|Any CPU
		{B17EFEFE-41FE-411C-BD74-EBCDB098EBAB}.Release|Any CPU.Build.0 = Release|Any CPU
		{B17EFEFE-41FE-411C-BD74-EBCDB098EBAB}.Release|ARM.ActiveCfg = Release|Any CPU
		{B17EFEFE-41FE-411C-BD74-EBCDB098EBAB}.Release|ARM.Build.0 = Release|Any CPU
		{B17EFEFE-41FE-411C-BD74-EBCDB098EBAB}.Release|ARM64.ActiveCfg = Release|Any CPU
		{B17EFEFE-41FE-411C-BD74-EBCDB098EBAB}.Release|ARM64.Build.0 = Release|Any CPU
		{B17EFEFE-41FE-411C-BD74-EBCDB098EBAB}.Release|x64.ActiveCfg = Release|Any CPU
		{B17EFEFE-41FE-411C-BD74-EBCDB098EBAB}.Release|x64.Build.0 = Release|Any CPU
		{B17EFEFE-41FE-411C-BD74-EBCDB098EBAB}.Release|x86.ActiveCfg = Release|Any CPU
		{B17EFEFE-41FE-411C-BD74-EBCDB098EBAB}.Release|x86.Build.0 = Release|Any CPU
		{98276AB2-BD88-4FBD-B778-B40F08584F9C}.Debug|Any CPU.ActiveCfg = Debug|Win32
		{98276AB2-BD88-4FBD-B778-B40F08584F9C}.Debug|ARM.ActiveCfg = Debug|Win32
		{98276AB2-BD88-4FBD-B778-B40F08584F9C}.Debug|ARM64.ActiveCfg = Debug|Win32
		{98276AB2-BD88-4FBD-B778-B40F08584F9C}.Debug|x64.ActiveCfg = Debug|x64
		{98276AB2-BD88-4FBD-B778-B40F08584F9C}.Debug|x64.Build.0 = Debug|x64
		{98276AB2-BD88-4FBD-B778-B40F08584F9C}.Debug|x86.ActiveCfg = Debug|Win32
		{98276AB2-BD88-4FBD-B778-B40F08584F9C}.Debug|x86.Build.0 = Debug|Win32
		{98276AB2-BD88-4FBD-B778-B40F08584F9C}.Release|Any CPU.ActiveCfg = Release|Win32
		{98276AB2-BD88-4FBD-B778-B40F08584F9C}.Release|ARM.ActiveCfg = Release|Win32
		{98276AB2-BD88-4FBD-B778-B40F08584F9C}.Release|ARM64.ActiveCfg = Release|Win32
		{98276AB2-BD88-4FBD-B778-B40F08584F9C}.Release|x64.ActiveCfg = Release|x64
		{98276AB2-BD88-4FBD-B778-B40F08584F9C}.Release|x64.Build.0 = Release|x64
		{98276AB2-BD88-4FBD-B778-B40F08584F9C}.Release|x86.ActiveCfg = Release|Win32
		{98276AB2-BD88-4FBD-B778-B40F08584F9C}.Release|x86.Build.0 = Release|Win32
		{F8FA554B-B63A-4C03-BD9E-E01D7A15E401}.Debug|Any CPU.ActiveCfg = Debug|Win32
		{F8FA554B-B63A-4C03-BD9E-E01D7A15E401}.Debug|ARM.ActiveCfg = Debug|Win32
		{F8FA554B-B63A-4C03-BD9E-E01D7A15E401}.Debug|ARM64.ActiveCfg = Debug|Win32
		{F8FA554B-B63A-4C03-BD9E-E01D7A15E401}.Debug|x64.ActiveCfg = Debug|x64
		{F8FA554B-B63A-4C03-BD9E-E01D7A15E401}.Debug|x64.Build.0 = Debug|x64
		{F8FA554B-B63A-4C03-BD9E-E01D7A15E401}.Debug|x86.ActiveCfg = Debug|Win32
		{F8FA554B-B63A-4C03-BD9E-E01D7A15E401}.Debug|x86.Build.0 = Debug|Win32
		{F8FA554B-B63A-4C03-BD9E-E01D7A15E401}.Release|Any CPU.ActiveCfg = Release|Win32
		{F8FA554B-B63A-4C03-BD9E-E01D7A15E401}.Release|ARM.ActiveCfg = Release|Win32
		{F8FA554B-B63A-4C03-BD9E-E01D7A15E401}.Release|ARM64.ActiveCfg = Release|Win32
		{F8FA554B-B63A-4C03-BD9E-E01D7A15E401}.Release|x64.ActiveCfg = Release|x64
		{F8FA554B-B63A-4C03-BD9E-E01D7A15E401}.Release|x64.Build.0 = Release|x64
		{F8FA554B-B63A-4C03-BD9E-E01D7A15E401}.Release|x86.ActiveCfg = Release|Win32
		{F8FA554B-B63A-4C03-BD9E-E01D7A15E401}.Release|x86.Build.0 = Release|Win32
		{9C8F7644-8B32-4E66-BF31-5F1EE625EC44}.Debug|Any CPU.ActiveCfg = Debug|Win32
		{9C8F7644-8B32-4E66-BF31-5F1EE625EC44}.Debug|ARM.ActiveCfg = Debug|ARM
		{9C8F7644-8B32-4E66-BF31-5F1EE625EC44}.Debug|ARM.Build.0 = Debug|ARM
		{9C8F7644-8B32-4E66-BF31-5F1EE625EC44}.Debug|ARM.Deploy.0 = Debug|ARM
		{9C8F7644-8B32-4E66-BF31-5F1EE625EC44}.Debug|ARM64.ActiveCfg = Debug|ARM64
		{9C8F7644-8B32-4E66-BF31-5F1EE625EC44}.Debug|ARM64.Build.0 = Debug|ARM64
		{9C8F7644-8B32-4E66-BF31-5F1EE625EC44}.Debug|ARM64.Deploy.0 = Debug|ARM64
		{9C8F7644-8B32-4E66-BF31-5F1EE625EC44}.Debug|x64.ActiveCfg = Debug|x64
		{9C8F7644-8B32-4E66-BF31-5F1EE625EC44}.Debug|x64.Build.0 = Debug|x64
		{9C8F7644-8B32-4E66-BF31-5F1EE625EC44}.Debug|x64.Deploy.0 = Debug|x64
		{9C8F7644-8B32-4E66-BF31-5F1EE625EC44}.Debug|x86.ActiveCfg = Debug|Win32
		{9C8F7644-8B32-4E66-BF31-5F1EE625EC44}.Debug|x86.Build.0 = Debug|Win32
		{9C8F7644-8B32-4E66-BF31-5F1EE625EC44}.Debug|x86.Deploy.0 = Debug|Win32
		{9C8F7644-8B32-4E66-BF31-5F1EE625EC44}.Release|Any CPU.ActiveCfg = Release|Win32
		{9C8F7644-8B32-4E66-BF31-5F1EE625EC44}.Release|ARM.ActiveCfg = Release|ARM
		{9C8F7644-8B32-4E66-BF31-5F1EE625EC44}.Release|ARM.Build.0 = Release|ARM
		{9C8F7644-8B32-4E66-BF31-5F1EE625EC44}.Release|ARM.Deploy.0 = Release|ARM
		{9C8F7644-8B32-4E66-BF31-5F1EE625EC44}.Release|ARM64.ActiveCfg = Release|ARM64
		{9C8F7644-8B32-4E66-BF31-5F1EE625EC44}.Release|ARM64.Build.0 = Release|ARM64
		{9C8F7644-8B32-4E66-BF31-5F1EE625EC44}.Release|ARM64.Deploy.0 = Release|ARM64
		{9C8F7644-8B32-4E66-BF31-5F1EE625EC44}.Release|x64.ActiveCfg = Release|x64
		{9C8F7644-8B32-4E66-BF31-5F1EE625EC44}.Release|x64.Build.0 = Release|x64
		{9C8F7644-8B32-4E66-BF31-5F1EE625EC44}.Release|x64.Deploy.0 = Release|x64
		{9C8F7644-8B32-4E66-BF31-5F1EE625EC44}.Release|x86.ActiveCfg = Release|Win32
		{9C8F7644-8B32-4E66-BF31-5F1EE625EC44}.Release|x86.Build.0 = Release|Win32
		{9C8F7644-8B32-4E66-BF31-5F1EE625EC44}.Release|x86.Deploy.0 = Release|Win32
	EndGlobalSection
	GlobalSection(SolutionProperties) = preSolution
		HideSolutionNode = FALSE
	EndGlobalSection
	GlobalSection(ExtensibilityGlobals) = postSolution
		SolutionGuid = {7E2CD8E5-63ED-44C2-B9E0-FAC60E046FFE}
	EndGlobalSection
EndGlobal
